
Microsoft Visual Studio Solution File, Format Version 12.00
# Visual Studio Version 17
VisualStudioVersion = 17.0.31717.71
MinimumVisualStudioVersion = 10.0.40219.1
Project("{2150E333-8FDC-42A3-9474-1A3956D46DE8}") = "Module01", "Module01", "{8A9D55CC-7ED7-4578-B47B-4490FC2A1975}"
EndProject
Project("{FAE04EC0-301F-11D3-BF4B-00C04F79EFBC}") = "ActorsRazorPages", "Module01\ActorsRazorPages\ActorsRazorPages.csproj", "{2AC42AD3-9E94-4CBF-B197-B08DA3AE7BCF}"
EndProject
Global
	GlobalSection(SolutionConfigurationPlatforms) = preSolution
		Debug|Any CPU = Debug|Any CPU
		Release|Any CPU = Release|Any CPU
	EndGlobalSection
	GlobalSection(ProjectConfigurationPlatforms) = postSolution
		{2AC42AD3-9E94-4CBF-B197-B08DA3AE7BCF}.Debug|Any CPU.ActiveCfg = Debug|Any CPU
		{2AC42AD3-9E94-4CBF-B197-B08DA3AE7BCF}.Debug|Any CPU.Build.0 = Debug|Any CPU
		{2AC42AD3-9E94-4CBF-B197-B08DA3AE7BCF}.Release|Any CPU.ActiveCfg = Release|Any CPU
		{2AC42AD3-9E94-4CBF-B197-B08DA3AE7BCF}.Release|Any CPU.Build.0 = Release|Any CPU
	EndGlobalSection
	GlobalSection(SolutionProperties) = preSolution
		HideSolutionNode = FALSE
	EndGlobalSection
	GlobalSection(NestedProjects) = preSolution
		{2AC42AD3-9E94-4CBF-B197-B08DA3AE7BCF} = {8A9D55CC-7ED7-4578-B47B-4490FC2A1975}
	EndGlobalSection
	GlobalSection(ExtensibilityGlobals) = postSolution
		SolutionGuid = {AA3910CE-E882-4EDA-9087-38DDFE576336}
	EndGlobalSection
EndGlobal
